{
  "nodes": {
    "awsvpnclient": {
      "inputs": {
        "flake-utils": "flake-utils_2",
        "nixpkgs": [
          "uswitch-nixpkgs",
          "nixpkgs"
        ]
      },
      "locked": {
        "lastModified": 1703837056,
        "narHash": "sha256-TO3cwuhkzA1ul3EhOMrJowDiasJNST2JmWtPnAB6lw8=",
        "owner": "ymatsiuk",
        "repo": "awsvpnclient",
        "rev": "7228bce80b664ceaa402105629355692cb71a28d",
        "type": "github"
      },
      "original": {
        "owner": "ymatsiuk",
        "repo": "awsvpnclient",
        "type": "github"
      }
    },
    "dmenu-scripts": {
      "inputs": {
        "nixpkgs": "nixpkgs"
      },
      "locked": {
        "lastModified": 1678482432,
        "narHash": "sha256-/M4/LmfFnYENKSiII/xejl86uo0pxG1hOmGVimXHWMk=",
        "owner": "Ninju1",
        "repo": "dmscripts",
        "rev": "86a988cafc63802d6d09bdb09daf365b68769a08",
        "type": "gitlab"
      },
      "original": {
        "owner": "Ninju1",
        "repo": "dmscripts",
        "type": "gitlab"
      }
    },
    "doom-emacs": {
      "flake": false,
      "locked": {
        "lastModified": 1712288767,
        "narHash": "sha256-tSl2dd+5KfIvCJrmJl+tWn5WVJD8vLAhc4cpw2/Tr2s=",
        "owner": "doomemacs",
        "repo": "doomemacs",
        "rev": "8d370d5608c7a3b56a16d1950a6e100e52235717",
        "type": "github"
      },
      "original": {
        "owner": "doomemacs",
        "repo": "doomemacs",
        "type": "github"
      }
    },
    "dtos-backgrounds": {
      "flake": false,
      "locked": {
        "lastModified": 1628696441,
        "narHash": "sha256-6Xx2Sqz6Ed07tVj9bJ+pNI2hYdjBLPQYSUDbfE1TKXk=",
        "owner": "dwt1",
        "repo": "wallpapers",
        "rev": "e8e0b8e7a9077ddc6a8b94bf7dc118e3fae65772",
        "type": "gitlab"
      },
      "original": {
        "owner": "dwt1",
        "repo": "wallpapers",
        "type": "gitlab"
      }
    },
    "flake-utils": {
      "locked": {
        "lastModified": 1642700792,
        "narHash": "sha256-XqHrk7hFb+zBvRg6Ghl+AZDq03ov6OshJLiSWOoX5es=",
        "owner": "numtide",
        "repo": "flake-utils",
        "rev": "846b2ae0fc4cc943637d3d1def4454213e203cba",
        "type": "github"
      },
      "original": {
        "owner": "numtide",
        "repo": "flake-utils",
        "type": "github"
      }
    },
    "flake-utils_2": {
      "inputs": {
        "systems": "systems"
      },
      "locked": {
        "lastModified": 1701680307,
        "narHash": "sha256-kAuep2h5ajznlPMD9rnQyffWG8EM/C73lejGofXvdM8=",
        "owner": "numtide",
        "repo": "flake-utils",
        "rev": "4022d587cbbfd70fe950c1e2083a02621806a725",
        "type": "github"
      },
      "original": {
        "owner": "numtide",
        "repo": "flake-utils",
        "type": "github"
      }
    },
    "home-manager": {
      "inputs": {
        "nixpkgs": [
          "nixpkgs"
        ]
      },
      "locked": {
        "lastModified": 1712317700,
        "narHash": "sha256-rnkQ6qMhlxfjpCECkTMlFXHU/88QvC5KpdJWq5H6F1E=",
        "owner": "nix-community",
        "repo": "home-manager",
        "rev": "782eed8bb64b27acaeb7c17be4a095c85e65717f",
        "type": "github"
      },
      "original": {
        "owner": "nix-community",
        "repo": "home-manager",
        "type": "github"
      }
    },
    "i3-layouts": {
      "flake": false,
      "locked": {
        "lastModified": 1620766955,
        "narHash": "sha256-0fKFlRW8GxAO/Y3MlkOna8Fp9hUX5+eTVvRVuB7O8IU=",
        "owner": "eliep",
        "repo": "i3-layouts",
        "rev": "f74f1922052239851d502235fc09cefdd632a73e",
        "type": "github"
      },
      "original": {
        "owner": "eliep",
        "repo": "i3-layouts",
        "type": "github"
      }
    },
    "i3-workspace-groups": {
      "flake": false,
      "locked": {
        "lastModified": 1712132035,
        "narHash": "sha256-PWR5ONsbQFIontuW5wESGcCl+HBRmsLmXiEYXD1zqMc=",
        "owner": "infokiller",
        "repo": "i3-workspace-groups",
        "rev": "dd73289e6c89efd574413c3d4d76879878aaa0ca",
        "type": "github"
      },
      "original": {
        "owner": "infokiller",
        "repo": "i3-workspace-groups",
        "type": "github"
      }
    },
    "i3blocks-contrib": {
      "flake": false,
      "locked": {
        "lastModified": 1707384458,
        "narHash": "sha256-iY9y3zLw5rUIHZkA9YLmyTDlgzZtIYAwWgHxaCS1+PI=",
        "owner": "vivien",
        "repo": "i3blocks-contrib",
        "rev": "9d66d81da8d521941a349da26457f4965fd6fcbd",
        "type": "github"
      },
      "original": {
        "owner": "vivien",
        "repo": "i3blocks-contrib",
        "type": "github"
      }
    },
    "kitty-themes": {
      "flake": false,
      "locked": {
        "lastModified": 1642593129,
        "narHash": "sha256-RcDmZ1fbNX18+X3xCqqdRbD+XYPsgNte1IXUNt6CxIA=",
        "owner": "dexpota",
        "repo": "kitty-themes",
        "rev": "b1abdd54ba655ef34f75a568d78625981bf1722c",
        "type": "github"
      },
      "original": {
        "owner": "dexpota",
        "repo": "kitty-themes",
        "type": "github"
      }
    },
    "kmonad": {
      "inputs": {
        "nixpkgs": "nixpkgs_2"
      },
      "locked": {
        "dir": "nix",
        "lastModified": 1707655140,
        "narHash": "sha256-CP7Te/8N0ETEmxX08assyFzwymNR7FjoWJOLh7VRfEU=",
        "owner": "kmonad",
        "repo": "kmonad",
        "rev": "70a5e97518c87ff52be4b403d774e88c5c61e3c1",
        "type": "github"
      },
      "original": {
        "dir": "nix",
        "owner": "kmonad",
        "repo": "kmonad",
        "type": "github"
      }
    },
    "mach-nix": {
      "inputs": {
        "flake-utils": "flake-utils",
        "nixpkgs": "nixpkgs_3",
        "pypi-deps-db": "pypi-deps-db"
      },
      "locked": {
        "lastModified": 1705470643,
        "narHash": "sha256-CqgkRcvOonJ2fL6542/ykZR3yL6qVLWy0pdyY5YKRlE=",
        "owner": "DavHau",
        "repo": "mach-nix",
        "rev": "28f563aeb8c9e679a3f2b531c728573fce7a4594",
        "type": "github"
      },
      "original": {
        "owner": "DavHau",
        "repo": "mach-nix",
        "type": "github"
      }
    },
    "nixos-hardware": {
      "locked": {
        "lastModified": 1711352745,
        "narHash": "sha256-luvqik+i3HTvCbXQZgB6uggvEcxI9uae0nmrgtXJ17U=",
        "owner": "NixOS",
        "repo": "nixos-hardware",
        "rev": "9a763a7acc4cfbb8603bb0231fec3eda864f81c0",
        "type": "github"
      },
      "original": {
        "owner": "NixOS",
        "repo": "nixos-hardware",
        "type": "github"
      }
    },
    "nixpkgs": {
      "locked": {
        "lastModified": 1677779205,
        "narHash": "sha256-6DBjL9wjq86p2GczmwnHtFRnWPBPItc67gapWENBgX8=",
        "owner": "NixOS",
        "repo": "nixpkgs",
        "rev": "96e18717904dfedcd884541e5a92bf9ff632cf39",
        "type": "github"
      },
      "original": {
        "owner": "NixOS",
        "ref": "nixos-22.11",
        "repo": "nixpkgs",
        "type": "github"
      }
    },
    "nixpkgs_2": {
      "locked": {
        "lastModified": 1705242415,
        "narHash": "sha256-a8DRYrNrzTudvO7XHUPNJD89Wbf1ZZT0VbwCsPnHWaE=",
        "owner": "NixOS",
        "repo": "nixpkgs",
        "rev": "ea780f3de2d169f982564128804841500e85e373",
        "type": "github"
      },
      "original": {
        "owner": "NixOS",
        "ref": "nixpkgs-unstable",
        "repo": "nixpkgs",
        "type": "github"
      }
    },
    "nixpkgs_3": {
      "locked": {
        "lastModified": 1643805626,
        "narHash": "sha256-AXLDVMG+UaAGsGSpOtQHPIKB+IZ0KSd9WS77aanGzgc=",
        "owner": "NixOS",
        "repo": "nixpkgs",
        "rev": "554d2d8aa25b6e583575459c297ec23750adb6cb",
        "type": "github"
      },
      "original": {
        "id": "nixpkgs",
        "ref": "nixos-unstable",
        "type": "indirect"
      }
    },
    "nixpkgs_4": {
      "locked": {
        "lastModified": 1712168706,
        "narHash": "sha256-XP24tOobf6GGElMd0ux90FEBalUtw6NkBSVh/RlA6ik=",
        "owner": "NixOS",
        "repo": "nixpkgs",
        "rev": "1487bdea619e4a7a53a4590c475deabb5a9d1bfb",
        "type": "github"
      },
      "original": {
        "owner": "NixOS",
        "ref": "nixos-23.11",
        "repo": "nixpkgs",
        "type": "github"
      }
    },
    "nixpkgs_5": {
      "locked": {
        "lastModified": 1705331948,
        "narHash": "sha256-qjQXfvrAT1/RKDFAMdl8Hw3m4tLVvMCc8fMqzJv0pP4=",
        "owner": "nixos",
        "repo": "nixpkgs",
        "rev": "b8dd8be3c790215716e7c12b247f45ca525867e2",
        "type": "github"
      },
      "original": {
        "owner": "nixos",
        "ref": "nixos-23.11",
        "repo": "nixpkgs",
        "type": "github"
      }
    },
    "pypi-deps-db": {
      "flake": false,
      "locked": {
        "lastModified": 1685526402,
        "narHash": "sha256-V0SXx0dWlUBL3E/wHWTszrkK2dOnuYYnBc7n6e0+NQU=",
        "owner": "DavHau",
        "repo": "pypi-deps-db",
        "rev": "ba35683c35218acb5258b69a9916994979dc73a9",
        "type": "github"
      },
      "original": {
        "owner": "DavHau",
        "repo": "pypi-deps-db",
        "type": "github"
      }
    },
    "root": {
      "inputs": {
        "dmenu-scripts": "dmenu-scripts",
        "doom-emacs": "doom-emacs",
        "dtos-backgrounds": "dtos-backgrounds",
        "home-manager": "home-manager",
        "i3-layouts": "i3-layouts",
        "i3-workspace-groups": "i3-workspace-groups",
        "i3blocks-contrib": "i3blocks-contrib",
        "kitty-themes": "kitty-themes",
        "kmonad": "kmonad",
        "mach-nix": "mach-nix",
        "nixos-hardware": "nixos-hardware",
        "nixpkgs": "nixpkgs_4",
        "uswitch-nixpkgs": "uswitch-nixpkgs"
      }
    },
    "systems": {
      "locked": {
        "lastModified": 1681028828,
        "narHash": "sha256-Vy1rq5AaRuLzOxct8nz4T6wlgyUR7zLU309k9mBC768=",
        "owner": "nix-systems",
        "repo": "default",
        "rev": "da67096a3b9bf56a91d16901293e51ba5b49a27e",
        "type": "github"
      },
      "original": {
        "owner": "nix-systems",
        "repo": "default",
        "type": "github"
      }
    },
    "uswitch-nixpkgs": {
      "inputs": {
        "awsvpnclient": "awsvpnclient",
        "nixpkgs": "nixpkgs_5"
      },
      "locked": {
        "lastModified": 1705408291,
        "narHash": "sha256-AWwkH4V5oMa8v1xwSD4BzEEi0bFHHg65JzJHEeKnb8g=",
        "ref": "refs/heads/main",
        "rev": "573b8172d42ae21c1cb8fcc0d082b6fde24412a3",
        "revCount": 68,
        "type": "git",
        "url": "ssh://git@github.com/uswitch/nixpkgs"
      },
      "original": {
        "type": "git",
        "url": "ssh://git@github.com/uswitch/nixpkgs"
      }
    }
  },
  "root": "root",
  "version": 7
}
