{
  "nodes": {
    "dmenu-scripts": {
      "inputs": {
        "nixpkgs": "nixpkgs"
      },
      "locked": {
        "lastModified": 1678482432,
        "narHash": "sha256-/M4/LmfFnYENKSiII/xejl86uo0pxG1hOmGVimXHWMk=",
        "owner": "Ninju1",
        "repo": "dmscripts",
        "rev": "86a988cafc63802d6d09bdb09daf365b68769a08",
        "type": "gitlab"
      },
      "original": {
        "owner": "Ninju1",
        "repo": "dmscripts",
        "type": "gitlab"
      }
    },
    "doom-emacs": {
      "flake": false,
      "locked": {
        "lastModified": 1696638825,
        "narHash": "sha256-vrdwIu6F11OOSaS5SfgT/jx0Kvu7KaigthVGBENKR5k=",
        "owner": "doomemacs",
        "repo": "doomemacs",
        "rev": "986398504d09e585c7d1a8d73a6394024fe6f164",
        "type": "github"
      },
      "original": {
        "owner": "doomemacs",
        "repo": "doomemacs",
        "type": "github"
      }
    },
    "dtos-backgrounds": {
      "flake": false,
      "locked": {
        "lastModified": 1628696441,
        "narHash": "sha256-6Xx2Sqz6Ed07tVj9bJ+pNI2hYdjBLPQYSUDbfE1TKXk=",
        "owner": "dwt1",
        "repo": "wallpapers",
        "rev": "e8e0b8e7a9077ddc6a8b94bf7dc118e3fae65772",
        "type": "gitlab"
      },
      "original": {
        "owner": "dwt1",
        "repo": "wallpapers",
        "type": "gitlab"
      }
    },
    "flake-utils": {
      "locked": {
        "lastModified": 1642700792,
        "narHash": "sha256-XqHrk7hFb+zBvRg6Ghl+AZDq03ov6OshJLiSWOoX5es=",
        "owner": "numtide",
        "repo": "flake-utils",
        "rev": "846b2ae0fc4cc943637d3d1def4454213e203cba",
        "type": "github"
      },
      "original": {
        "owner": "numtide",
        "repo": "flake-utils",
        "type": "github"
      }
    },
    "home-manager": {
      "inputs": {
        "nixpkgs": [
          "nixpkgs"
        ]
      },
      "locked": {
        "lastModified": 1695108154,
        "narHash": "sha256-gSg7UTVtls2yO9lKtP0yb66XBHT1Fx5qZSZbGMpSn2c=",
        "owner": "nix-community",
        "repo": "home-manager",
        "rev": "07682fff75d41f18327a871088d20af2710d4744",
        "type": "github"
      },
      "original": {
        "owner": "nix-community",
        "ref": "release-23.05",
        "repo": "home-manager",
        "type": "github"
      }
    },
    "i3-layouts": {
      "flake": false,
      "locked": {
        "lastModified": 1620766955,
        "narHash": "sha256-0fKFlRW8GxAO/Y3MlkOna8Fp9hUX5+eTVvRVuB7O8IU=",
        "owner": "eliep",
        "repo": "i3-layouts",
        "rev": "f74f1922052239851d502235fc09cefdd632a73e",
        "type": "github"
      },
      "original": {
        "owner": "eliep",
        "repo": "i3-layouts",
        "type": "github"
      }
    },
    "i3-workspace-groups": {
      "flake": false,
      "locked": {
        "lastModified": 1697443936,
        "narHash": "sha256-w1l7PlalnvoowHHtsSY8miEiK1+YBVo7vFXDdYlUxK0=",
        "owner": "infokiller",
        "repo": "i3-workspace-groups",
        "rev": "7b6458d96d031ecb8eb8e427f9f9f6a2537bccef",
        "type": "github"
      },
      "original": {
        "owner": "infokiller",
        "repo": "i3-workspace-groups",
        "type": "github"
      }
    },
    "i3blocks-contrib": {
      "flake": false,
      "locked": {
        "lastModified": 1670390867,
        "narHash": "sha256-z7bLhDex8qCPBX73Umpg47VB4csxr2p6VMIyf/cjCdw=",
        "owner": "vivien",
        "repo": "i3blocks-contrib",
        "rev": "fc2c10551c32558be44226c6924d64bae611e32c",
        "type": "github"
      },
      "original": {
        "owner": "vivien",
        "repo": "i3blocks-contrib",
        "type": "github"
      }
    },
    "kitty-themes": {
      "flake": false,
      "locked": {
        "lastModified": 1642593129,
        "narHash": "sha256-RcDmZ1fbNX18+X3xCqqdRbD+XYPsgNte1IXUNt6CxIA=",
        "owner": "dexpota",
        "repo": "kitty-themes",
        "rev": "b1abdd54ba655ef34f75a568d78625981bf1722c",
        "type": "github"
      },
      "original": {
        "owner": "dexpota",
        "repo": "kitty-themes",
        "type": "github"
      }
    },
    "kmonad": {
      "inputs": {
        "nixpkgs": "nixpkgs_2"
      },
      "locked": {
        "dir": "nix",
        "lastModified": 1697534720,
        "narHash": "sha256-hh5a82fbujCOitFjbzClCMZ/XZQeFsdOHxZWCXXv1i4=",
        "owner": "kmonad",
        "repo": "kmonad",
        "rev": "a1aea16c7a3239c0a3d7522b09edb1d6988bae02",
        "type": "github"
      },
      "original": {
        "dir": "nix",
        "owner": "kmonad",
        "repo": "kmonad",
        "type": "github"
      }
    },
    "mach-nix": {
      "inputs": {
        "flake-utils": "flake-utils",
        "nixpkgs": "nixpkgs_3",
        "pypi-deps-db": "pypi-deps-db"
      },
      "locked": {
        "lastModified": 1694857725,
        "narHash": "sha256-Ob4gMVo5uiSRhdDAD6k85jy5ys7dbc/KC4DPdSZm9Rc=",
        "owner": "DavHau",
        "repo": "mach-nix",
        "rev": "0fb2c80ad2a74261315939849e1e8bf4278b7178",
        "type": "github"
      },
      "original": {
        "owner": "DavHau",
        "repo": "mach-nix",
        "type": "github"
      }
    },
    "nixos-hardware": {
      "locked": {
        "lastModified": 1697100850,
        "narHash": "sha256-qSAzJVzNRIo+r3kBjL8TcpJctcgcHlnZyqdzpWgtg0M=",
        "owner": "NixOS",
        "repo": "nixos-hardware",
        "rev": "fb6af288f6cf0f00d3af60cf9d5110433b954565",
        "type": "github"
      },
      "original": {
        "owner": "NixOS",
        "repo": "nixos-hardware",
        "type": "github"
      }
    },
    "nixpkgs": {
      "locked": {
        "lastModified": 1677779205,
        "narHash": "sha256-6DBjL9wjq86p2GczmwnHtFRnWPBPItc67gapWENBgX8=",
        "owner": "NixOS",
        "repo": "nixpkgs",
        "rev": "96e18717904dfedcd884541e5a92bf9ff632cf39",
        "type": "github"
      },
      "original": {
        "owner": "NixOS",
        "ref": "nixos-22.11",
        "repo": "nixpkgs",
        "type": "github"
      }
    },
    "nixpkgs_2": {
      "locked": {
        "lastModified": 1653326962,
        "narHash": "sha256-W8feCYqKTsMre4nAEpv5Kx1PVFC+hao/LwqtB2Wci/8=",
        "owner": "NixOS",
        "repo": "nixpkgs",
        "rev": "41cc1d5d9584103be4108c1815c350e07c807036",
        "type": "github"
      },
      "original": {
        "owner": "NixOS",
        "ref": "nixpkgs-unstable",
        "repo": "nixpkgs",
        "type": "github"
      }
    },
    "nixpkgs_3": {
      "locked": {
        "lastModified": 1643805626,
        "narHash": "sha256-AXLDVMG+UaAGsGSpOtQHPIKB+IZ0KSd9WS77aanGzgc=",
        "owner": "NixOS",
        "repo": "nixpkgs",
        "rev": "554d2d8aa25b6e583575459c297ec23750adb6cb",
        "type": "github"
      },
      "original": {
        "id": "nixpkgs",
        "ref": "nixos-unstable",
        "type": "indirect"
      }
    },
    "nixpkgs_4": {
      "locked": {
        "lastModified": 1697226376,
        "narHash": "sha256-cumLLb1QOUtWieUnLGqo+ylNt3+fU8Lcv5Zl+tYbRUE=",
        "owner": "NixOS",
        "repo": "nixpkgs",
        "rev": "898cb2064b6e98b8c5499f37e81adbdf2925f7c5",
        "type": "github"
      },
      "original": {
        "owner": "NixOS",
        "ref": "nixos-23.05",
        "repo": "nixpkgs",
        "type": "github"
      }
    },
    "pypi-deps-db": {
      "flake": false,
      "locked": {
        "lastModified": 1685526402,
        "narHash": "sha256-V0SXx0dWlUBL3E/wHWTszrkK2dOnuYYnBc7n6e0+NQU=",
        "owner": "DavHau",
        "repo": "pypi-deps-db",
        "rev": "ba35683c35218acb5258b69a9916994979dc73a9",
        "type": "github"
      },
      "original": {
        "owner": "DavHau",
        "repo": "pypi-deps-db",
        "type": "github"
      }
    },
    "root": {
      "inputs": {
        "dmenu-scripts": "dmenu-scripts",
        "doom-emacs": "doom-emacs",
        "dtos-backgrounds": "dtos-backgrounds",
        "home-manager": "home-manager",
        "i3-layouts": "i3-layouts",
        "i3-workspace-groups": "i3-workspace-groups",
        "i3blocks-contrib": "i3blocks-contrib",
        "kitty-themes": "kitty-themes",
        "kmonad": "kmonad",
        "mach-nix": "mach-nix",
        "nixos-hardware": "nixos-hardware",
        "nixpkgs": "nixpkgs_4"
      }
    }
  },
  "root": "root",
  "version": 7
}
