{
  "nodes": {
    "awsvpnclient": {
      "inputs": {
        "nixpkgs": "nixpkgs_5"
      },
      "locked": {
        "lastModified": 1650433861,
        "narHash": "sha256-Pnw59wD6KRi0lwumzD1qs3S8yjldMCWjRZXWXU905rs=",
        "owner": "ymatsiuk",
        "repo": "awsvpnclient",
        "rev": "52d52fcbebdc15191c86df15cd12434e900e52ae",
        "type": "github"
      },
      "original": {
        "owner": "ymatsiuk",
        "repo": "awsvpnclient",
        "type": "github"
      }
    },
    "dmenu-scripts": {
      "inputs": {
        "nixpkgs": "nixpkgs"
      },
      "locked": {
        "lastModified": 1678482432,
        "narHash": "sha256-/M4/LmfFnYENKSiII/xejl86uo0pxG1hOmGVimXHWMk=",
        "owner": "Ninju1",
        "repo": "dmscripts",
        "rev": "86a988cafc63802d6d09bdb09daf365b68769a08",
        "type": "gitlab"
      },
      "original": {
        "owner": "Ninju1",
        "repo": "dmscripts",
        "type": "gitlab"
      }
    },
    "doom-emacs": {
      "flake": false,
      "locked": {
        "lastModified": 1679027612,
        "narHash": "sha256-lqwXHPbI7qh9psjyTqRHraM7XAIodeFHtxVfEabA720=",
        "owner": "doomemacs",
        "repo": "doomemacs",
        "rev": "b66ad7703134d8a91e8ae1fab84af3bb90fcca03",
        "type": "github"
      },
      "original": {
        "owner": "doomemacs",
        "repo": "doomemacs",
        "type": "github"
      }
    },
    "dtos-backgrounds": {
      "flake": false,
      "locked": {
        "lastModified": 1628696441,
        "narHash": "sha256-6Xx2Sqz6Ed07tVj9bJ+pNI2hYdjBLPQYSUDbfE1TKXk=",
        "owner": "dwt1",
        "repo": "wallpapers",
        "rev": "e8e0b8e7a9077ddc6a8b94bf7dc118e3fae65772",
        "type": "gitlab"
      },
      "original": {
        "owner": "dwt1",
        "repo": "wallpapers",
        "type": "gitlab"
      }
    },
    "flake-utils": {
      "locked": {
        "lastModified": 1642700792,
        "narHash": "sha256-XqHrk7hFb+zBvRg6Ghl+AZDq03ov6OshJLiSWOoX5es=",
        "owner": "numtide",
        "repo": "flake-utils",
        "rev": "846b2ae0fc4cc943637d3d1def4454213e203cba",
        "type": "github"
      },
      "original": {
        "owner": "numtide",
        "repo": "flake-utils",
        "type": "github"
      }
    },
    "home-manager": {
      "inputs": {
        "nixpkgs": [
          "nixpkgs"
        ],
        "utils": "utils"
      },
      "locked": {
        "lastModified": 1677104801,
        "narHash": "sha256-2V5nKOYVFMYlseYdDKiEaww2xqcE0GtS1ax3SoUX99I=",
        "owner": "nix-community",
        "repo": "home-manager",
        "rev": "4295fdfa6b0005c32f2e1f0b732faf5810c1bc7f",
        "type": "github"
      },
      "original": {
        "owner": "nix-community",
        "repo": "home-manager",
        "type": "github"
      }
    },
    "i3-layouts": {
      "flake": false,
      "locked": {
        "lastModified": 1620766955,
        "narHash": "sha256-0fKFlRW8GxAO/Y3MlkOna8Fp9hUX5+eTVvRVuB7O8IU=",
        "owner": "eliep",
        "repo": "i3-layouts",
        "rev": "f74f1922052239851d502235fc09cefdd632a73e",
        "type": "github"
      },
      "original": {
        "owner": "eliep",
        "repo": "i3-layouts",
        "type": "github"
      }
    },
    "i3-workspace-groups": {
      "flake": false,
      "locked": {
        "lastModified": 1678785130,
        "narHash": "sha256-b+c87RHkVBTBowSrwiEjPaNRoMK6a0FmJgKPbbjXWPQ=",
        "owner": "infokiller",
        "repo": "i3-workspace-groups",
        "rev": "02b51f0045cd38b24878a01a187f69132c8f9bbc",
        "type": "github"
      },
      "original": {
        "owner": "infokiller",
        "repo": "i3-workspace-groups",
        "type": "github"
      }
    },
    "kitty-themes": {
      "flake": false,
      "locked": {
        "lastModified": 1642593129,
        "narHash": "sha256-RcDmZ1fbNX18+X3xCqqdRbD+XYPsgNte1IXUNt6CxIA=",
        "owner": "dexpota",
        "repo": "kitty-themes",
        "rev": "b1abdd54ba655ef34f75a568d78625981bf1722c",
        "type": "github"
      },
      "original": {
        "owner": "dexpota",
        "repo": "kitty-themes",
        "type": "github"
      }
    },
    "kmonad": {
      "inputs": {
        "nixpkgs": "nixpkgs_2"
      },
      "locked": {
        "dir": "nix",
        "lastModified": 1673185501,
        "narHash": "sha256-uEtWPpl9nH7QqochHo1z+giPga1zXR1Ko3dOXHIapFY=",
        "owner": "kmonad",
        "repo": "kmonad",
        "rev": "3413f1be996142c8ef4f36e246776a6df7175979",
        "type": "github"
      },
      "original": {
        "dir": "nix",
        "owner": "kmonad",
        "repo": "kmonad",
        "type": "github"
      }
    },
    "mach-nix": {
      "inputs": {
        "flake-utils": "flake-utils",
        "nixpkgs": "nixpkgs_3",
        "pypi-deps-db": "pypi-deps-db"
      },
      "locked": {
        "lastModified": 1678343959,
        "narHash": "sha256-LGFLMTf9gEPYzLuny3idKQOGiZFVhmjR2VGvio4chMI=",
        "owner": "DavHau",
        "repo": "mach-nix",
        "rev": "f60b9833469adb18e57b4c9e8fc4804fce82e3da",
        "type": "github"
      },
      "original": {
        "owner": "DavHau",
        "repo": "mach-nix",
        "type": "github"
      }
    },
    "nixos-hardware": {
      "locked": {
        "lastModified": 1678095239,
        "narHash": "sha256-4F6jovFJcwh6OkMsY94ZrHdrvVqZi1FX5pYv6V9LIQw=",
        "owner": "NixOS",
        "repo": "nixos-hardware",
        "rev": "f6610997b0fc5ea5f9e142c348fca27497efe1c7",
        "type": "github"
      },
      "original": {
        "owner": "NixOS",
        "repo": "nixos-hardware",
        "type": "github"
      }
    },
    "nixpkgs": {
      "locked": {
        "lastModified": 1677779205,
        "narHash": "sha256-6DBjL9wjq86p2GczmwnHtFRnWPBPItc67gapWENBgX8=",
        "owner": "NixOS",
        "repo": "nixpkgs",
        "rev": "96e18717904dfedcd884541e5a92bf9ff632cf39",
        "type": "github"
      },
      "original": {
        "owner": "NixOS",
        "ref": "nixos-22.11",
        "repo": "nixpkgs",
        "type": "github"
      }
    },
    "nixpkgs_2": {
      "locked": {
        "lastModified": 1653326962,
        "narHash": "sha256-W8feCYqKTsMre4nAEpv5Kx1PVFC+hao/LwqtB2Wci/8=",
        "owner": "NixOS",
        "repo": "nixpkgs",
        "rev": "41cc1d5d9584103be4108c1815c350e07c807036",
        "type": "github"
      },
      "original": {
        "owner": "NixOS",
        "ref": "nixpkgs-unstable",
        "repo": "nixpkgs",
        "type": "github"
      }
    },
    "nixpkgs_3": {
      "locked": {
        "lastModified": 1643805626,
        "narHash": "sha256-AXLDVMG+UaAGsGSpOtQHPIKB+IZ0KSd9WS77aanGzgc=",
        "owner": "NixOS",
        "repo": "nixpkgs",
        "rev": "554d2d8aa25b6e583575459c297ec23750adb6cb",
        "type": "github"
      },
      "original": {
        "id": "nixpkgs",
        "ref": "nixos-unstable",
        "type": "indirect"
      }
    },
    "nixpkgs_4": {
      "locked": {
        "lastModified": 1677179781,
        "narHash": "sha256-+peLp16ruWLuTFHo0ZUbLlS1/meS/+RsWQQ9bUAzOh8=",
        "owner": "NixOS",
        "repo": "nixpkgs",
        "rev": "50c23cd4ff6c8344e0b4d438b027b3afabfe58dd",
        "type": "github"
      },
      "original": {
        "owner": "NixOS",
        "ref": "nixos-22.11",
        "repo": "nixpkgs",
        "type": "github"
      }
    },
    "nixpkgs_5": {
      "locked": {
        "narHash": "sha256-8nQx02tTzgYO21BP/dy5BCRopE8OwE8Drsw98j+Qoaw=",
        "path": "/nix/store/a33ann70s2kqn8q1h4vv4il56i0lk60g-source",
        "type": "path"
      },
      "original": {
        "id": "nixpkgs",
        "type": "indirect"
      }
    },
    "nixpkgs_6": {
      "locked": {
        "lastModified": 1678072060,
        "narHash": "sha256-6a9Tbjhir5HxDx4uw0u6Z+LHUfYf7tsT9QxF9FN/32w=",
        "owner": "NixOS",
        "repo": "nixpkgs",
        "rev": "47c003416297e4d59a5e3e7a8b15cdbdf5110560",
        "type": "github"
      },
      "original": {
        "owner": "NixOS",
        "ref": "nixos-22.11",
        "repo": "nixpkgs",
        "type": "github"
      }
    },
    "pypi-deps-db": {
      "flake": false,
      "locked": {
        "lastModified": 1678051695,
        "narHash": "sha256-kFFP8TN8pEKARtjK9loGdH+TU23ZbHdVLCUdNcufKPs=",
        "owner": "DavHau",
        "repo": "pypi-deps-db",
        "rev": "e00b22ead9d3534ba1c448e1af3076af6b234acf",
        "type": "github"
      },
      "original": {
        "owner": "DavHau",
        "repo": "pypi-deps-db",
        "type": "github"
      }
    },
    "root": {
      "inputs": {
        "dmenu-scripts": "dmenu-scripts",
        "doom-emacs": "doom-emacs",
        "dtos-backgrounds": "dtos-backgrounds",
        "home-manager": "home-manager",
        "i3-layouts": "i3-layouts",
        "i3-workspace-groups": "i3-workspace-groups",
        "kitty-themes": "kitty-themes",
        "kmonad": "kmonad",
        "mach-nix": "mach-nix",
        "nixos-hardware": "nixos-hardware",
        "nixpkgs": "nixpkgs_4",
        "uswitch-nixpkgs": "uswitch-nixpkgs"
      }
    },
    "uswitch-nixpkgs": {
      "inputs": {
        "awsvpnclient": "awsvpnclient",
        "nixpkgs": "nixpkgs_6"
      },
      "locked": {
        "lastModified": 1678889302,
        "narHash": "sha256-yG7sWUBxqzvzOfpSKruU6LV0rKTgm2FfoEjOTh0NvEQ=",
        "ref": "master",
        "rev": "e596f31ec6b21f6972742a0d383771ad2f10f747",
        "revCount": 38,
        "type": "git",
        "url": "ssh://git@github.com/uswitch/nixpkgs"
      },
      "original": {
        "type": "git",
        "url": "ssh://git@github.com/uswitch/nixpkgs"
      }
    },
    "utils": {
      "locked": {
        "lastModified": 1667395993,
        "narHash": "sha256-nuEHfE/LcWyuSWnS8t12N1wc105Qtau+/OdUAjtQ0rA=",
        "owner": "numtide",
        "repo": "flake-utils",
        "rev": "5aed5285a952e0b949eb3ba02c12fa4fcfef535f",
        "type": "github"
      },
      "original": {
        "owner": "numtide",
        "repo": "flake-utils",
        "type": "github"
      }
    }
  },
  "root": "root",
  "version": 7
}
